
Microsoft Visual Studio Solution File, Format Version 12.00
# Visual Studio Version 17
VisualStudioVersion = 17.7.34202.233
MinimumVisualStudioVersion = 10.0.40219.1
Project("{9A19103F-16F7-4668-BE54-9A1E7A4F7556}") = "PartyLib", "PartyLib\PartyLib.csproj", "{7B51C226-9B1F-45F4-BE8D-9469D3508602}"
EndProject
Project("{9A19103F-16F7-4668-BE54-9A1E7A4F7556}") = "PartyLibTest", "PartyLibTest\PartyLibTest.csproj", "{FF5ABE2E-C27A-4BB5-8185-7E1CD3126FA6}"
EndProject
Project("{9A19103F-16F7-4668-BE54-9A1E7A4F7556}") = "PartyScraper", "PartyScraper\PartyScraper.csproj", "{93FB864C-4A61-43EB-A63D-44C1A572B0ED}"
EndProject
Project("{B7DD6F7E-DEF8-4E67-B5B7-07EF123DB6F0}") = "PartyScraperInstaller", "PartyScraperInstaller\PartyScraperInstaller.wixproj", "{855B543D-E60E-41BF-8007-34FC6BCF3226}"
EndProject
Project("{9A19103F-16F7-4668-BE54-9A1E7A4F7556}") = "PartyProjectTests", "PartyProjectTests\PartyProjectTests.csproj", "{D00E7827-2F0F-4017-BB17-56A1EDFB8057}"
EndProject
Global
	GlobalSection(SolutionConfigurationPlatforms) = preSolution
		Base Projects|Any CPU = Base Projects|Any CPU
		Base Projects|ARM64 = Base Projects|ARM64
		Base Projects|x64 = Base Projects|x64
		Base Projects|x86 = Base Projects|x86
		Installer + Base Projects|Any CPU = Installer + Base Projects|Any CPU
		Installer + Base Projects|ARM64 = Installer + Base Projects|ARM64
		Installer + Base Projects|x64 = Installer + Base Projects|x64
		Installer + Base Projects|x86 = Installer + Base Projects|x86
	EndGlobalSection
	GlobalSection(ProjectConfigurationPlatforms) = postSolution
		{7B51C226-9B1F-45F4-BE8D-9469D3508602}.Base Projects|Any CPU.ActiveCfg = Release - Base Projects|Any CPU
		{7B51C226-9B1F-45F4-BE8D-9469D3508602}.Base Projects|Any CPU.Build.0 = Release - Base Projects|Any CPU
		{7B51C226-9B1F-45F4-BE8D-9469D3508602}.Base Projects|ARM64.ActiveCfg = Release - Base Projects|Any CPU
		{7B51C226-9B1F-45F4-BE8D-9469D3508602}.Base Projects|ARM64.Build.0 = Release - Base Projects|Any CPU
		{7B51C226-9B1F-45F4-BE8D-9469D3508602}.Base Projects|x64.ActiveCfg = Release - Base Projects|Any CPU
		{7B51C226-9B1F-45F4-BE8D-9469D3508602}.Base Projects|x64.Build.0 = Release - Base Projects|Any CPU
		{7B51C226-9B1F-45F4-BE8D-9469D3508602}.Base Projects|x86.ActiveCfg = Release - Base Projects|Any CPU
		{7B51C226-9B1F-45F4-BE8D-9469D3508602}.Base Projects|x86.Build.0 = Release - Base Projects|Any CPU
		{7B51C226-9B1F-45F4-BE8D-9469D3508602}.Installer + Base Projects|Any CPU.ActiveCfg = Release|Any CPU
		{7B51C226-9B1F-45F4-BE8D-9469D3508602}.Installer + Base Projects|Any CPU.Build.0 = Release|Any CPU
		{7B51C226-9B1F-45F4-BE8D-9469D3508602}.Installer + Base Projects|ARM64.ActiveCfg = Release - Installer|Any CPU
		{7B51C226-9B1F-45F4-BE8D-9469D3508602}.Installer + Base Projects|ARM64.Build.0 = Release - Installer|Any CPU
		{7B51C226-9B1F-45F4-BE8D-9469D3508602}.Installer + Base Projects|x64.ActiveCfg = Release - Installer|Any CPU
		{7B51C226-9B1F-45F4-BE8D-9469D3508602}.Installer + Base Projects|x64.Build.0 = Release - Installer|Any CPU
		{7B51C226-9B1F-45F4-BE8D-9469D3508602}.Installer + Base Projects|x86.ActiveCfg = Release - Installer|Any CPU
		{7B51C226-9B1F-45F4-BE8D-9469D3508602}.Installer + Base Projects|x86.Build.0 = Release - Installer|Any CPU
		{FF5ABE2E-C27A-4BB5-8185-7E1CD3126FA6}.Base Projects|Any CPU.ActiveCfg = Release - Base Projects|Any CPU
		{FF5ABE2E-C27A-4BB5-8185-7E1CD3126FA6}.Base Projects|Any CPU.Build.0 = Release - Base Projects|Any CPU
		{FF5ABE2E-C27A-4BB5-8185-7E1CD3126FA6}.Base Projects|ARM64.ActiveCfg = Release - Base Projects|Any CPU
		{FF5ABE2E-C27A-4BB5-8185-7E1CD3126FA6}.Base Projects|ARM64.Build.0 = Release - Base Projects|Any CPU
		{FF5ABE2E-C27A-4BB5-8185-7E1CD3126FA6}.Base Projects|x64.ActiveCfg = Release - Base Projects|Any CPU
		{FF5ABE2E-C27A-4BB5-8185-7E1CD3126FA6}.Base Projects|x64.Build.0 = Release - Base Projects|Any CPU
		{FF5ABE2E-C27A-4BB5-8185-7E1CD3126FA6}.Base Projects|x86.ActiveCfg = Release - Base Projects|Any CPU
		{FF5ABE2E-C27A-4BB5-8185-7E1CD3126FA6}.Base Projects|x86.Build.0 = Release - Base Projects|Any CPU
		{FF5ABE2E-C27A-4BB5-8185-7E1CD3126FA6}.Installer + Base Projects|Any CPU.ActiveCfg = Release|Any CPU
		{FF5ABE2E-C27A-4BB5-8185-7E1CD3126FA6}.Installer + Base Projects|Any CPU.Build.0 = Release|Any CPU
		{FF5ABE2E-C27A-4BB5-8185-7E1CD3126FA6}.Installer + Base Projects|ARM64.ActiveCfg = Release - Base Projects|Any CPU
		{FF5ABE2E-C27A-4BB5-8185-7E1CD3126FA6}.Installer + Base Projects|ARM64.Build.0 = Release - Base Projects|Any CPU
		{FF5ABE2E-C27A-4BB5-8185-7E1CD3126FA6}.Installer + Base Projects|x64.ActiveCfg = Release - Base Projects|Any CPU
		{FF5ABE2E-C27A-4BB5-8185-7E1CD3126FA6}.Installer + Base Projects|x64.Build.0 = Release - Base Projects|Any CPU
		{FF5ABE2E-C27A-4BB5-8185-7E1CD3126FA6}.Installer + Base Projects|x86.ActiveCfg = Release - Base Projects|Any CPU
		{FF5ABE2E-C27A-4BB5-8185-7E1CD3126FA6}.Installer + Base Projects|x86.Build.0 = Release - Base Projects|Any CPU
		{93FB864C-4A61-43EB-A63D-44C1A572B0ED}.Base Projects|Any CPU.ActiveCfg = Release - Base Projects|Any CPU
		{93FB864C-4A61-43EB-A63D-44C1A572B0ED}.Base Projects|Any CPU.Build.0 = Release - Base Projects|Any CPU
		{93FB864C-4A61-43EB-A63D-44C1A572B0ED}.Base Projects|ARM64.ActiveCfg = Release - Base Projects|Any CPU
		{93FB864C-4A61-43EB-A63D-44C1A572B0ED}.Base Projects|ARM64.Build.0 = Release - Base Projects|Any CPU
		{93FB864C-4A61-43EB-A63D-44C1A572B0ED}.Base Projects|x64.ActiveCfg = Release - Base Projects|Any CPU
		{93FB864C-4A61-43EB-A63D-44C1A572B0ED}.Base Projects|x64.Build.0 = Release - Base Projects|Any CPU
		{93FB864C-4A61-43EB-A63D-44C1A572B0ED}.Base Projects|x86.ActiveCfg = Release - Base Projects|Any CPU
		{93FB864C-4A61-43EB-A63D-44C1A572B0ED}.Base Projects|x86.Build.0 = Release - Base Projects|Any CPU
		{93FB864C-4A61-43EB-A63D-44C1A572B0ED}.Installer + Base Projects|Any CPU.ActiveCfg = Release|Any CPU
		{93FB864C-4A61-43EB-A63D-44C1A572B0ED}.Installer + Base Projects|Any CPU.Build.0 = Release|Any CPU
		{93FB864C-4A61-43EB-A63D-44C1A572B0ED}.Installer + Base Projects|ARM64.ActiveCfg = Release - Base Projects|Any CPU
		{93FB864C-4A61-43EB-A63D-44C1A572B0ED}.Installer + Base Projects|ARM64.Build.0 = Release - Base Projects|Any CPU
		{93FB864C-4A61-43EB-A63D-44C1A572B0ED}.Installer + Base Projects|x64.ActiveCfg = Release - Base Projects|Any CPU
		{93FB864C-4A61-43EB-A63D-44C1A572B0ED}.Installer + Base Projects|x64.Build.0 = Release - Base Projects|Any CPU
		{93FB864C-4A61-43EB-A63D-44C1A572B0ED}.Installer + Base Projects|x86.ActiveCfg = Release - Base Projects|Any CPU
		{93FB864C-4A61-43EB-A63D-44C1A572B0ED}.Installer + Base Projects|x86.Build.0 = Release - Base Projects|Any CPU
		{855B543D-E60E-41BF-8007-34FC6BCF3226}.Base Projects|Any CPU.ActiveCfg = Release - Installer|x64
		{855B543D-E60E-41BF-8007-34FC6BCF3226}.Base Projects|ARM64.ActiveCfg = Release - Base Projects|ARM64
		{855B543D-E60E-41BF-8007-34FC6BCF3226}.Base Projects|ARM64.Build.0 = Release - Base Projects|ARM64
		{855B543D-E60E-41BF-8007-34FC6BCF3226}.Base Projects|x64.ActiveCfg = Release - Base Projects|x64
		{855B543D-E60E-41BF-8007-34FC6BCF3226}.Base Projects|x64.Build.0 = Release - Base Projects|x64
		{855B543D-E60E-41BF-8007-34FC6BCF3226}.Base Projects|x86.ActiveCfg = Release - Base Projects|x86
		{855B543D-E60E-41BF-8007-34FC6BCF3226}.Base Projects|x86.Build.0 = Release - Base Projects|x86
		{855B543D-E60E-41BF-8007-34FC6BCF3226}.Installer + Base Projects|Any CPU.ActiveCfg = Release|x64
		{855B543D-E60E-41BF-8007-34FC6BCF3226}.Installer + Base Projects|Any CPU.Build.0 = Release|x64
		{855B543D-E60E-41BF-8007-34FC6BCF3226}.Installer + Base Projects|ARM64.ActiveCfg = Release - Base Projects|ARM64
		{855B543D-E60E-41BF-8007-34FC6BCF3226}.Installer + Base Projects|ARM64.Build.0 = Release - Base Projects|ARM64
		{855B543D-E60E-41BF-8007-34FC6BCF3226}.Installer + Base Projects|x64.ActiveCfg = Release - Base Projects|x64
		{855B543D-E60E-41BF-8007-34FC6BCF3226}.Installer + Base Projects|x64.Build.0 = Release - Base Projects|x64
		{855B543D-E60E-41BF-8007-34FC6BCF3226}.Installer + Base Projects|x86.ActiveCfg = Release - Base Projects|x86
		{855B543D-E60E-41BF-8007-34FC6BCF3226}.Installer + Base Projects|x86.Build.0 = Release - Base Projects|x86
		{D00E7827-2F0F-4017-BB17-56A1EDFB8057}.Base Projects|Any CPU.ActiveCfg = Release|Any CPU
		{D00E7827-2F0F-4017-BB17-56A1EDFB8057}.Base Projects|ARM64.ActiveCfg = Release|Any CPU
		{D00E7827-2F0F-4017-BB17-56A1EDFB8057}.Base Projects|x64.ActiveCfg = Release|Any CPU
		{D00E7827-2F0F-4017-BB17-56A1EDFB8057}.Base Projects|x86.ActiveCfg = Release|Any CPU
		{D00E7827-2F0F-4017-BB17-56A1EDFB8057}.Installer + Base Projects|Any CPU.ActiveCfg = Release|Any CPU
		{D00E7827-2F0F-4017-BB17-56A1EDFB8057}.Installer + Base Projects|Any CPU.Build.0 = Release|Any CPU
		{D00E7827-2F0F-4017-BB17-56A1EDFB8057}.Installer + Base Projects|ARM64.ActiveCfg = Release|Any CPU
		{D00E7827-2F0F-4017-BB17-56A1EDFB8057}.Installer + Base Projects|x64.ActiveCfg = Release|Any CPU
		{D00E7827-2F0F-4017-BB17-56A1EDFB8057}.Installer + Base Projects|x86.ActiveCfg = Release|Any CPU
	EndGlobalSection
	GlobalSection(SolutionProperties) = preSolution
		HideSolutionNode = FALSE
	EndGlobalSection
	GlobalSection(ExtensibilityGlobals) = postSolution
		SolutionGuid = {5525E4F9-B970-4634-B1A0-B97C828D35E4}
	EndGlobalSection
EndGlobal
