
Microsoft Visual Studio Solution File, Format Version 12.00
# 
VisualStudioVersion = 17.5.002.0
MinimumVisualStudioVersion = 
Project("{2150E333-8FDC-42A3-9474-1A3956D46DE8}") = "PartyGui_Avalonia_New", "PartyGui_Avalonia_New", "{3B204A40-91E8-483F-A3E3-1DF8B00CC5C3}"
EndProject
Project("{FAE04EC0-301F-11D3-BF4B-00C04F79EFBC}") = "PartyGui_Avalonia_New.BaseProject", "PartyGui_Avalonia_New\PartyGui_Avalonia_New.BaseProject\PartyGui_Avalonia_New.BaseProject.csproj", "{0930327F-B2B9-40F7-BDEC-6AA80DBCE91F}"
EndProject
Project("{FAE04EC0-301F-11D3-BF4B-00C04F79EFBC}") = "PartyGui_Avalonia_New.Desktop", "PartyGui_Avalonia_New\PartyGui_Avalonia_New.Desktop\PartyGui_Avalonia_New.Desktop.csproj", "{DD432769-0273-4667-99C6-EE580D043A03}"
EndProject
Global
	GlobalSection(SolutionConfigurationPlatforms) = preSolution
		Debug|Any CPU = Debug|Any CPU
		Release|Any CPU = Release|Any CPU
	EndGlobalSection
	GlobalSection(ProjectConfigurationPlatforms) = postSolution
		{0930327F-B2B9-40F7-BDEC-6AA80DBCE91F}.Debug|Any CPU.ActiveCfg = Debug|Any CPU
		{0930327F-B2B9-40F7-BDEC-6AA80DBCE91F}.Debug|Any CPU.Build.0 = Debug|Any CPU
		{0930327F-B2B9-40F7-BDEC-6AA80DBCE91F}.Release|Any CPU.ActiveCfg = Release|Any CPU
		{0930327F-B2B9-40F7-BDEC-6AA80DBCE91F}.Release|Any CPU.Build.0 = Release|Any CPU
		{DD432769-0273-4667-99C6-EE580D043A03}.Debug|Any CPU.ActiveCfg = Debug|Any CPU
		{DD432769-0273-4667-99C6-EE580D043A03}.Debug|Any CPU.Build.0 = Debug|Any CPU
		{DD432769-0273-4667-99C6-EE580D043A03}.Release|Any CPU.ActiveCfg = Release|Any CPU
		{DD432769-0273-4667-99C6-EE580D043A03}.Release|Any CPU.Build.0 = Release|Any CPU
	EndGlobalSection
	GlobalSection(SolutionProperties) = preSolution
		HideSolutionNode = FALSE
	EndGlobalSection
	GlobalSection(NestedProjects) = preSolution
		{0930327F-B2B9-40F7-BDEC-6AA80DBCE91F} = {3B204A40-91E8-483F-A3E3-1DF8B00CC5C3}
		{DD432769-0273-4667-99C6-EE580D043A03} = {3B204A40-91E8-483F-A3E3-1DF8B00CC5C3}
	EndGlobalSection
EndGlobal
